{
  "version": 4,
  "terraform_version": "0.13.5",
  "serial": 1,
  "lineage": "39d66ab9-f5e2-208c-95d0-8a3ef3d7687f",
  "outputs": {},
  "resources": [
    {
      "mode": "data",
      "type": "vra_zone",
      "name": "this",
      "provider": "provider[\"registry.terraform.io/terraform-providers/vra\"]",
      "instances": [
        {
          "schema_version": 0,
          "attributes": {
            "created_at": "",
            "custom_properties": {},
            "description": "",
            "external_region_id": "Datacenter:datacenter-3",
            "folder": "",
            "id": "0f54c412-9c9b-4629-85b3-d24f4372965a",
            "name": "val-pro-win",
            "org_id": "3267539f-ace4-4686-a292-c68ffb7ed2bc",
            "owner": "",
            "placement_policy": "DEFAULT",
            "tags": [],
            "tags_to_match": [],
            "updated_at": "2021-05-12"
          }
        }
      ]
    },
    {
      "mode": "managed",
      "type": "vra_project",
      "name": "this",
      "provider": "provider[\"registry.terraform.io/terraform-providers/vra\"]",
      "instances": [
        {
          "schema_version": 0,
          "attributes": {
            "administrators": [
              "knighta@vmware.com"
            ],
            "constraints": [],
            "description": "Configured by terraform",
            "id": "6631c5ee-18db-46ff-b756-d43fc5ce9546",
            "machine_naming_template": "",
            "members": null,
            "name": "AK_Terraform",
            "operation_timeout": 0,
            "shared_resources": true,
            "viewers": null,
            "zone_assignments": [
              {
                "cpu_limit": null,
                "max_instances": null,
                "memory_limit_mb": null,
                "priority": null,
                "storage_limit_gb": null,
                "zone_id": "0f54c412-9c9b-4629-85b3-d24f4372965a"
              }
            ]
          },
          "private": "bnVsbA==",
          "dependencies": [
            "data.vra_zone.this"
          ]
        }
      ]
    }
  ]
}
